
Microsoft Visual Studio Solution File, Format Version 12.00
# Visual Studio 15
VisualStudioVersion = 15.0.27703.2042
MinimumVisualStudioVersion = 10.0.40219.1
Project("{FAE04EC0-301F-11D3-BF4B-00C04F79EFBC}") = "CreateSQLDatabase", "CreateSQLDatabase\CreateSQLDatabase.csproj", "{17F0BD04-B577-4877-A541-E4AF6F96D10B}"
EndProject
Project("{FAE04EC0-301F-11D3-BF4B-00C04F79EFBC}") = "csvfile", "csvfile\csvfile.csproj", "{9F771040-5342-47DA-9DAD-95BB054916FD}"
EndProject
Project("{FAE04EC0-301F-11D3-BF4B-00C04F79EFBC}") = "TesterApp", "TesterApp\TesterApp.csproj", "{060A25F2-2B55-4AF7-97CE-248E8722B48E}"
EndProject
Global
	GlobalSection(SolutionConfigurationPlatforms) = preSolution
		Debug|Any CPU = Debug|Any CPU
		Release|Any CPU = Release|Any CPU
	EndGlobalSection
	GlobalSection(ProjectConfigurationPlatforms) = postSolution
		{17F0BD04-B577-4877-A541-E4AF6F96D10B}.Debug|Any CPU.ActiveCfg = Debug|Any CPU
		{17F0BD04-B577-4877-A541-E4AF6F96D10B}.Debug|Any CPU.Build.0 = Debug|Any CPU
		{17F0BD04-B577-4877-A541-E4AF6F96D10B}.Release|Any CPU.ActiveCfg = Release|Any CPU
		{17F0BD04-B577-4877-A541-E4AF6F96D10B}.Release|Any CPU.Build.0 = Release|Any CPU
		{9F771040-5342-47DA-9DAD-95BB054916FD}.Debug|Any CPU.ActiveCfg = Debug|Any CPU
		{9F771040-5342-47DA-9DAD-95BB054916FD}.Debug|Any CPU.Build.0 = Debug|Any CPU
		{9F771040-5342-47DA-9DAD-95BB054916FD}.Release|Any CPU.ActiveCfg = Release|Any CPU
		{9F771040-5342-47DA-9DAD-95BB054916FD}.Release|Any CPU.Build.0 = Release|Any CPU
		{060A25F2-2B55-4AF7-97CE-248E8722B48E}.Debug|Any CPU.ActiveCfg = Debug|Any CPU
		{060A25F2-2B55-4AF7-97CE-248E8722B48E}.Debug|Any CPU.Build.0 = Debug|Any CPU
		{060A25F2-2B55-4AF7-97CE-248E8722B48E}.Release|Any CPU.ActiveCfg = Release|Any CPU
		{060A25F2-2B55-4AF7-97CE-248E8722B48E}.Release|Any CPU.Build.0 = Release|Any CPU
	EndGlobalSection
	GlobalSection(SolutionProperties) = preSolution
		HideSolutionNode = FALSE
	EndGlobalSection
	GlobalSection(ExtensibilityGlobals) = postSolution
		SolutionGuid = {83032564-BE76-4514-A48F-F2D0EA9743F7}
	EndGlobalSection
EndGlobal
